
Microsoft Visual Studio Solution File, Format Version 12.00
# Visual Studio 15
Project("{FAE04EC0-301F-11D3-BF4B-00C04F79EFBC}") = "UnityEngine.UI", "UnityEngine.UI.csproj", "{B497579B-57F3-AB04-5730-E2FED6837533}"
EndProject
Project("{FAE04EC0-301F-11D3-BF4B-00C04F79EFBC}") = "UnityEngine.TestRunner", "UnityEngine.TestRunner.csproj", "{F102E59D-94D9-A1B6-B695-13638E151E52}"
EndProject
Project("{FAE04EC0-301F-11D3-BF4B-00C04F79EFBC}") = "Unity.VisualScripting.Flow", "Unity.VisualScripting.Flow.csproj", "{2D0B6E87-9E12-E3A2-9E3B-ED254669C4C6}"
EndProject
Project("{FAE04EC0-301F-11D3-BF4B-00C04F79EFBC}") = "Unity.Services.Core.Telemetry", "Unity.Services.Core.Telemetry.csproj", "{71CA846B-D4C5-738C-913B-55D0C6F6F50D}"
EndProject
Project("{FAE04EC0-301F-11D3-BF4B-00C04F79EFBC}") = "Unity.VisualScripting.State", "Unity.VisualScripting.State.csproj", "{3D8B585C-F5AB-87EF-BE25-435207E619BA}"
EndProject
Project("{FAE04EC0-301F-11D3-BF4B-00C04F79EFBC}") = "UnityEngine.Purchasing.WinRTCore", "UnityEngine.Purchasing.WinRTCore.csproj", "{D4BC8B33-100A-844C-D31B-3A3B922DB35A}"
EndProject
Project("{FAE04EC0-301F-11D3-BF4B-00C04F79EFBC}") = "Unity.VisualScripting.Core", "Unity.VisualScripting.Core.csproj", "{9E670BB8-C717-F621-6457-8296AEFEA92F}"
EndProject
Project("{FAE04EC0-301F-11D3-BF4B-00C04F79EFBC}") = "UnityEngine.XR.LegacyInputHelpers", "UnityEngine.XR.LegacyInputHelpers.csproj", "{4353D5D6-41A3-5BD2-07E3-3682AD2CEC9B}"
EndProject
Project("{FAE04EC0-301F-11D3-BF4B-00C04F79EFBC}") = "UnityEngine.Monetization", "UnityEngine.Monetization.csproj", "{BF362B27-26D1-751D-3983-ECABEEFFACA3}"
EndProject
Project("{FAE04EC0-301F-11D3-BF4B-00C04F79EFBC}") = "UnityEngine.Purchasing.AppleCore", "UnityEngine.Purchasing.AppleCore.csproj", "{BA85B89D-FB63-AD76-4EC7-3D8CBAFDFA9F}"
EndProject
Project("{FAE04EC0-301F-11D3-BF4B-00C04F79EFBC}") = "Unity.Services.Core.Environments.Internal", "Unity.Services.Core.Environments.Internal.csproj", "{92941856-289F-46B7-792F-CC6412669688}"
EndProject
Project("{FAE04EC0-301F-11D3-BF4B-00C04F79EFBC}") = "Unity.TextMeshPro", "Unity.TextMeshPro.csproj", "{639E4CAE-CF28-46E8-707C-8FDB6BD876F5}"
EndProject
Project("{FAE04EC0-301F-11D3-BF4B-00C04F79EFBC}") = "UnityEngine.Advertisements", "UnityEngine.Advertisements.csproj", "{5961233D-8EED-FDE8-55DC-8E2C4CBE01F0}"
EndProject
Project("{FAE04EC0-301F-11D3-BF4B-00C04F79EFBC}") = "UnityEngine.Purchasing.Stores", "UnityEngine.Purchasing.Stores.csproj", "{89C5CA49-0532-821D-5476-850381F4CEC1}"
EndProject
Project("{FAE04EC0-301F-11D3-BF4B-00C04F79EFBC}") = "Cinemachine", "Cinemachine.csproj", "{0D805E9F-CFC2-D182-D7FD-72BCB5BF0354}"
EndProject
Project("{FAE04EC0-301F-11D3-BF4B-00C04F79EFBC}") = "Unity.Timeline", "Unity.Timeline.csproj", "{13792501-AC7C-7A0B-EEB1-92FD586C4455}"
EndProject
Project("{FAE04EC0-301F-11D3-BF4B-00C04F79EFBC}") = "UnityEngine.Purchasing", "UnityEngine.Purchasing.csproj", "{F5C2D40E-49C9-8A39-5021-DD45E1AC2853}"
EndProject
Project("{FAE04EC0-301F-11D3-BF4B-00C04F79EFBC}") = "Unity.Services.Core.Environments", "Unity.Services.Core.Environments.csproj", "{234104FA-4ECE-50EE-10FD-7EA330BCFC0B}"
EndProject
Project("{FAE04EC0-301F-11D3-BF4B-00C04F79EFBC}") = "Unity.Services.Core.Internal", "Unity.Services.Core.Internal.csproj", "{C6DD57AB-37AA-E6EA-FF41-E8B52F284C2F}"
EndProject
Project("{FAE04EC0-301F-11D3-BF4B-00C04F79EFBC}") = "Unity.Services.Core.Analytics", "Unity.Services.Core.Analytics.csproj", "{0C5AAAAD-53FF-DDEE-8CAA-204B317AEC8E}"
EndProject
Project("{FAE04EC0-301F-11D3-BF4B-00C04F79EFBC}") = "UnityEngine.Purchasing.SecurityStub", "UnityEngine.Purchasing.SecurityStub.csproj", "{6B91C336-4395-79BA-BFA9-9650ACC991C4}"
EndProject
Project("{FAE04EC0-301F-11D3-BF4B-00C04F79EFBC}") = "Unity.Services.Core.Scheduler", "Unity.Services.Core.Scheduler.csproj", "{C2FE26FB-12D8-3DDC-215B-DC1A883758FE}"
EndProject
Project("{FAE04EC0-301F-11D3-BF4B-00C04F79EFBC}") = "Purchasing.Common", "Purchasing.Common.csproj", "{BCD28E0A-BBD0-52F6-F1DB-357227A34F74}"
EndProject
Project("{FAE04EC0-301F-11D3-BF4B-00C04F79EFBC}") = "Unity.Services.Core.Registration", "Unity.Services.Core.Registration.csproj", "{884D5D44-0232-921C-2322-052739707C91}"
EndProject
Project("{FAE04EC0-301F-11D3-BF4B-00C04F79EFBC}") = "Unity.Services.Core.Device", "Unity.Services.Core.Device.csproj", "{BC61A847-696E-2ECC-3C15-D374CF6A58C4}"
EndProject
Project("{FAE04EC0-301F-11D3-BF4B-00C04F79EFBC}") = "UnityEngine.Purchasing.SecurityCore", "UnityEngine.Purchasing.SecurityCore.csproj", "{0AD8B409-B54B-98ED-AF71-0B9129A513E8}"
EndProject
Project("{FAE04EC0-301F-11D3-BF4B-00C04F79EFBC}") = "UnityEngine.Purchasing.WinRTStub", "UnityEngine.Purchasing.WinRTStub.csproj", "{EC6A73EE-EE12-A04E-877C-81FBE5B47E6E}"
EndProject
Project("{FAE04EC0-301F-11D3-BF4B-00C04F79EFBC}") = "Unity.Services.Core.Threading", "Unity.Services.Core.Threading.csproj", "{2022EA4E-C9DD-823F-0AF6-A2C0F19A6313}"
EndProject
Project("{FAE04EC0-301F-11D3-BF4B-00C04F79EFBC}") = "Unity.Services.Core.Networking", "Unity.Services.Core.Networking.csproj", "{2A7B7294-4E62-DAE1-2C71-A87794905FEC}"
EndProject
Project("{FAE04EC0-301F-11D3-BF4B-00C04F79EFBC}") = "UnityEngine.Purchasing.AppleMacosStub", "UnityEngine.Purchasing.AppleMacosStub.csproj", "{EA93D725-00E0-7B46-53F1-3DADB7268C66}"
EndProject
Project("{FAE04EC0-301F-11D3-BF4B-00C04F79EFBC}") = "Unity.Services.Core", "Unity.Services.Core.csproj", "{2D07AAE0-47FE-7CC2-FD45-F38F147CF245}"
EndProject
Project("{FAE04EC0-301F-11D3-BF4B-00C04F79EFBC}") = "Assembly-CSharp", "Assembly-CSharp.csproj", "{B6B5EC89-ED73-1817-8731-40D17648A70E}"
EndProject
Project("{FAE04EC0-301F-11D3-BF4B-00C04F79EFBC}") = "Unity.Analytics.DataPrivacy", "Unity.Analytics.DataPrivacy.csproj", "{34238B4A-05F1-A9F6-FD50-0CC782B5C238}"
EndProject
Project("{FAE04EC0-301F-11D3-BF4B-00C04F79EFBC}") = "UnityEngine.SpatialTracking", "UnityEngine.SpatialTracking.csproj", "{AFD05A6E-789C-DA5D-9BD2-38B443A7908C}"
EndProject
Project("{FAE04EC0-301F-11D3-BF4B-00C04F79EFBC}") = "Unity.Services.Core.Configuration", "Unity.Services.Core.Configuration.csproj", "{E2CCC52A-2190-F963-06EA-A90608CF9838}"
EndProject
Project("{FAE04EC0-301F-11D3-BF4B-00C04F79EFBC}") = "UnityEngine.Purchasing.Codeless", "UnityEngine.Purchasing.Codeless.csproj", "{6A548765-C6A5-C803-46C7-0D1A1A6EAC95}"
EndProject
Project("{FAE04EC0-301F-11D3-BF4B-00C04F79EFBC}") = "UnityEngine.Purchasing.AppleStub", "UnityEngine.Purchasing.AppleStub.csproj", "{189DA1CE-4E6D-143D-78CE-1E200B2AC4CA}"
EndProject
Project("{FAE04EC0-301F-11D3-BF4B-00C04F79EFBC}") = "Unity.PlasticSCM.Editor", "Unity.PlasticSCM.Editor.csproj", "{624B29FB-823C-2D4D-AD1B-3F0377D6DC06}"
EndProject
Project("{FAE04EC0-301F-11D3-BF4B-00C04F79EFBC}") = "Unity.VisualScripting.Core.Editor", "Unity.VisualScripting.Core.Editor.csproj", "{413A0B90-83CB-56FF-0907-305FD0873DF4}"
EndProject
Project("{FAE04EC0-301F-11D3-BF4B-00C04F79EFBC}") = "Unity.VisualScripting.Flow.Editor", "Unity.VisualScripting.Flow.Editor.csproj", "{BCAAB764-728C-3449-AD46-A10E23D517AC}"
EndProject
Project("{FAE04EC0-301F-11D3-BF4B-00C04F79EFBC}") = "Unity.VisualStudio.Editor", "Unity.VisualStudio.Editor.csproj", "{675385A4-8796-CD39-88F3-B404E5F290D1}"
EndProject
Project("{FAE04EC0-301F-11D3-BF4B-00C04F79EFBC}") = "Unity.Timeline.Editor", "Unity.Timeline.Editor.csproj", "{BD3B649B-15BD-06C6-7918-F8105ED7212B}"
EndProject
Project("{FAE04EC0-301F-11D3-BF4B-00C04F79EFBC}") = "com.unity.cinemachine.editor", "com.unity.cinemachine.editor.csproj", "{F0111E33-0AA1-C14C-2A42-D2DFEC5B0681}"
EndProject
Project("{FAE04EC0-301F-11D3-BF4B-00C04F79EFBC}") = "Unity.VisualScripting.State.Editor", "Unity.VisualScripting.State.Editor.csproj", "{14B6AD9D-41B9-3F9E-535C-47BEDB7DC6CF}"
EndProject
Project("{FAE04EC0-301F-11D3-BF4B-00C04F79EFBC}") = "Unity.TextMeshPro.Editor", "Unity.TextMeshPro.Editor.csproj", "{A442C8C7-2F0B-AEA5-FD50-208DF2C5FB60}"
EndProject
Project("{FAE04EC0-301F-11D3-BF4B-00C04F79EFBC}") = "Unity.VisualScripting.SettingsProvider.Editor", "Unity.VisualScripting.SettingsProvider.Editor.csproj", "{F3131654-9935-366C-D285-EEE23CEAE502}"
EndProject
Project("{FAE04EC0-301F-11D3-BF4B-00C04F79EFBC}") = "Unity.CollabProxy.Editor", "Unity.CollabProxy.Editor.csproj", "{68BBCBCF-F647-8379-AAA4-5ABA22FC838A}"
EndProject
Project("{FAE04EC0-301F-11D3-BF4B-00C04F79EFBC}") = "UnityEditor.TestRunner", "UnityEditor.TestRunner.csproj", "{9373CA4D-D8D7-F94A-7AC2-2DE981681ADE}"
EndProject
Project("{FAE04EC0-301F-11D3-BF4B-00C04F79EFBC}") = "Unity.2D.Tilemap.Editor", "Unity.2D.Tilemap.Editor.csproj", "{562F0A3E-7E84-FAE5-747F-A983638BAF32}"
EndProject
Project("{FAE04EC0-301F-11D3-BF4B-00C04F79EFBC}") = "Unity.Services.Core.Editor", "Unity.Services.Core.Editor.csproj", "{6C706EF6-6886-3388-7E49-2C1749857371}"
EndProject
Project("{FAE04EC0-301F-11D3-BF4B-00C04F79EFBC}") = "Unity.TestTools.CodeCoverage.Editor", "Unity.TestTools.CodeCoverage.Editor.csproj", "{975A7166-F52F-71D8-ACF0-2FEA7AF64813}"
EndProject
Project("{FAE04EC0-301F-11D3-BF4B-00C04F79EFBC}") = "UnityEngine.Advertisements.Editor", "UnityEngine.Advertisements.Editor.csproj", "{E096691E-4886-1313-D963-639329C2F285}"
EndProject
Project("{FAE04EC0-301F-11D3-BF4B-00C04F79EFBC}") = "Unity.Rider.Editor", "Unity.Rider.Editor.csproj", "{9433C97D-7B13-538F-D1A4-26FCA0DEE8BA}"
EndProject
Project("{FAE04EC0-301F-11D3-BF4B-00C04F79EFBC}") = "Unity.Performance.Profile-Analyzer.Editor", "Unity.Performance.Profile-Analyzer.Editor.csproj", "{65EBF092-681C-57A3-6227-7F0044CE6C53}"
EndProject
Project("{FAE04EC0-301F-11D3-BF4B-00C04F79EFBC}") = "UnityEngine.Advertisements.DevX.Editor", "UnityEngine.Advertisements.DevX.Editor.csproj", "{6774A405-C74A-166A-06FC-675CB20FA73C}"
EndProject
Project("{FAE04EC0-301F-11D3-BF4B-00C04F79EFBC}") = "UnityEditor.Purchasing", "UnityEditor.Purchasing.csproj", "{48A4A2EA-F612-7DE0-C94B-891B168BB4B9}"
EndProject
Project("{FAE04EC0-301F-11D3-BF4B-00C04F79EFBC}") = "Unity.VSCode.Editor", "Unity.VSCode.Editor.csproj", "{3351D906-70ED-2C25-8FED-6605151E4181}"
EndProject
Project("{FAE04EC0-301F-11D3-BF4B-00C04F79EFBC}") = "Unity.2D.Sprite.Editor", "Unity.2D.Sprite.Editor.csproj", "{3D1C6051-3135-9C1A-26EF-0B3064B94561}"
EndProject
Project("{FAE04EC0-301F-11D3-BF4B-00C04F79EFBC}") = "UnityEditor.UI", "UnityEditor.UI.csproj", "{F35D8CE7-B5CE-D349-DE4B-B75E740C9AAB}"
EndProject
Project("{FAE04EC0-301F-11D3-BF4B-00C04F79EFBC}") = "Unity.TestTools.CodeCoverage.Editor.OpenCover.Model", "Unity.TestTools.CodeCoverage.Editor.OpenCover.Model.csproj", "{094679B6-5C5F-7B59-E241-6AA8BBB1B4C5}"
EndProject
Project("{FAE04EC0-301F-11D3-BF4B-00C04F79EFBC}") = "Unity.EditorCoroutines.Editor", "Unity.EditorCoroutines.Editor.csproj", "{8624E48B-C589-6435-BFB4-49B96DE8CF54}"
EndProject
Project("{FAE04EC0-301F-11D3-BF4B-00C04F79EFBC}") = "Unity.Settings.Editor", "Unity.Settings.Editor.csproj", "{42AC79E0-B7D2-AEF1-44C3-E7F2C660A746}"
EndProject
Project("{FAE04EC0-301F-11D3-BF4B-00C04F79EFBC}") = "UnityEditor.SpatialTracking", "UnityEditor.SpatialTracking.csproj", "{8C42299E-8FF4-1621-B251-CF39241DD800}"
EndProject
Project("{FAE04EC0-301F-11D3-BF4B-00C04F79EFBC}") = "Unity.Services.Core.Configuration.Editor", "Unity.Services.Core.Configuration.Editor.csproj", "{78FA8B58-6DCB-C9A3-B5FB-9A1C214BBC8C}"
EndProject
Project("{FAE04EC0-301F-11D3-BF4B-00C04F79EFBC}") = "UnityEditor.XR.LegacyInputHelpers", "UnityEditor.XR.LegacyInputHelpers.csproj", "{621C5853-A2ED-DF83-880B-63019A897CFD}"
EndProject
Project("{FAE04EC0-301F-11D3-BF4B-00C04F79EFBC}") = "Unity.TestTools.CodeCoverage.Editor.OpenCover.Mono.Reflection", "Unity.TestTools.CodeCoverage.Editor.OpenCover.Mono.Reflection.csproj", "{721ADE3C-BBEC-FB34-AC08-9D652DBA27E2}"
EndProject
Project("{FAE04EC0-301F-11D3-BF4B-00C04F79EFBC}") = "Unity.VisualScripting.Shared.Editor", "Unity.VisualScripting.Shared.Editor.csproj", "{29156222-C9B8-0122-E265-5E4B8F042364}"
EndProject
Project("{FAE04EC0-301F-11D3-BF4B-00C04F79EFBC}") = "Analytics", "Analytics.csproj", "{0BFF7AD0-2423-D341-6583-38325DC88734}"
EndProject
Project("{FAE04EC0-301F-11D3-BF4B-00C04F79EFBC}") = "UnityEngine.UI", "UnityEngine.UI.Player.csproj", "{AB275495-01AF-BE21-C11B-91450C234AC6}"
EndProject
Project("{FAE04EC0-301F-11D3-BF4B-00C04F79EFBC}") = "UnityEngine.TestRunner", "UnityEngine.TestRunner.Player.csproj", "{6668B698-038C-85B3-4C70-031C0F45EEBB}"
EndProject
Project("{FAE04EC0-301F-11D3-BF4B-00C04F79EFBC}") = "Unity.VisualScripting.Flow", "Unity.VisualScripting.Flow.Player.csproj", "{E246A386-C7C6-D2F3-D571-A95C45E2C487}"
EndProject
Project("{FAE04EC0-301F-11D3-BF4B-00C04F79EFBC}") = "Unity.Services.Core.Telemetry", "Unity.Services.Core.Telemetry.Player.csproj", "{178FAB90-D693-7873-FAC7-E236760B978D}"
EndProject
Project("{FAE04EC0-301F-11D3-BF4B-00C04F79EFBC}") = "Unity.VisualScripting.State", "Unity.VisualScripting.State.Player.csproj", "{59A9F694-6B88-B3D5-6C0F-D85B28A21985}"
EndProject
Project("{FAE04EC0-301F-11D3-BF4B-00C04F79EFBC}") = "UnityEngine.Purchasing.WinRTCore", "UnityEngine.Purchasing.WinRTCore.Player.csproj", "{DD64FF6E-1BAF-9F29-CB90-0ACF82574647}"
EndProject
Project("{FAE04EC0-301F-11D3-BF4B-00C04F79EFBC}") = "Unity.VisualScripting.Core", "Unity.VisualScripting.Core.Player.csproj", "{BAC65066-FACC-31A0-32F3-88753895CE69}"
EndProject
Project("{FAE04EC0-301F-11D3-BF4B-00C04F79EFBC}") = "UnityEngine.XR.LegacyInputHelpers", "UnityEngine.XR.LegacyInputHelpers.Player.csproj", "{6DE9D3E9-8E52-F0AB-1393-94D27B7D83D0}"
EndProject
Project("{FAE04EC0-301F-11D3-BF4B-00C04F79EFBC}") = "UnityEngine.Monetization", "UnityEngine.Monetization.Player.csproj", "{46BBAA24-87C6-C1A1-2B62-F7425CAD7C82}"
EndProject
Project("{FAE04EC0-301F-11D3-BF4B-00C04F79EFBC}") = "UnityEngine.Purchasing.AppleCore", "UnityEngine.Purchasing.AppleCore.Player.csproj", "{EA3C25D5-D4FF-72CB-2375-867F20AD3059}"
EndProject
Project("{FAE04EC0-301F-11D3-BF4B-00C04F79EFBC}") = "Unity.Services.Core.Environments.Internal", "Unity.Services.Core.Environments.Internal.Player.csproj", "{19EDEEFD-B14E-6DE2-D928-250C8A0CF1E8}"
EndProject
Project("{FAE04EC0-301F-11D3-BF4B-00C04F79EFBC}") = "Unity.TextMeshPro", "Unity.TextMeshPro.Player.csproj", "{05D015D1-80FB-2030-65A8-71318BD1C0D3}"
EndProject
Project("{FAE04EC0-301F-11D3-BF4B-00C04F79EFBC}") = "UnityEngine.Advertisements", "UnityEngine.Advertisements.Player.csproj", "{30943F92-D04D-1D43-3345-82C78ADC156B}"
EndProject
Project("{FAE04EC0-301F-11D3-BF4B-00C04F79EFBC}") = "UnityEngine.Purchasing.Stores", "UnityEngine.Purchasing.Stores.Player.csproj", "{AA357771-0CD6-2FEF-4A52-BFD770D99039}"
EndProject
Project("{FAE04EC0-301F-11D3-BF4B-00C04F79EFBC}") = "Cinemachine", "Cinemachine.Player.csproj", "{4D02F83A-7655-87E7-ED0A-029914C46B3C}"
EndProject
Project("{FAE04EC0-301F-11D3-BF4B-00C04F79EFBC}") = "Unity.Timeline", "Unity.Timeline.Player.csproj", "{17FED99F-D983-2EA0-C5F7-1557B3E1EA79}"
EndProject
Project("{FAE04EC0-301F-11D3-BF4B-00C04F79EFBC}") = "UnityEngine.Purchasing", "UnityEngine.Purchasing.Player.csproj", "{2A7C862A-4992-6B48-2DD3-AC336A875D75}"
EndProject
Project("{FAE04EC0-301F-11D3-BF4B-00C04F79EFBC}") = "Unity.Services.Core.Environments", "Unity.Services.Core.Environments.Player.csproj", "{1C2AAF70-9C12-7892-EB00-9254CD35767F}"
EndProject
Project("{FAE04EC0-301F-11D3-BF4B-00C04F79EFBC}") = "Unity.Services.Core.Internal", "Unity.Services.Core.Internal.Player.csproj", "{242F3B96-25BC-D52A-723D-819746AF55CB}"
EndProject
Project("{FAE04EC0-301F-11D3-BF4B-00C04F79EFBC}") = "Unity.Services.Core.Analytics", "Unity.Services.Core.Analytics.Player.csproj", "{38151AB0-A512-1D74-F307-DFD51575822F}"
EndProject
Project("{FAE04EC0-301F-11D3-BF4B-00C04F79EFBC}") = "UnityEngine.Purchasing.SecurityStub", "UnityEngine.Purchasing.SecurityStub.Player.csproj", "{DDE0841A-2B30-70ED-FDCF-5A6EBD033D28}"
EndProject
Project("{FAE04EC0-301F-11D3-BF4B-00C04F79EFBC}") = "Unity.Services.Core.Scheduler", "Unity.Services.Core.Scheduler.Player.csproj", "{C4FD1198-8721-7E6C-847D-E60C4E8A69E5}"
EndProject
Project("{FAE04EC0-301F-11D3-BF4B-00C04F79EFBC}") = "Purchasing.Common", "Purchasing.Common.Player.csproj", "{C02220D2-2A31-D5E6-7827-23608B3E9228}"
EndProject
Project("{FAE04EC0-301F-11D3-BF4B-00C04F79EFBC}") = "Unity.Services.Core.Registration", "Unity.Services.Core.Registration.Player.csproj", "{6B38FF19-B664-6C58-EF20-B48062323B86}"
EndProject
Project("{FAE04EC0-301F-11D3-BF4B-00C04F79EFBC}") = "Unity.Services.Core.Device", "Unity.Services.Core.Device.Player.csproj", "{F19D58E6-A0E8-9482-76CD-0B46A96A5CFB}"
EndProject
Project("{FAE04EC0-301F-11D3-BF4B-00C04F79EFBC}") = "UnityEngine.Purchasing.SecurityCore", "UnityEngine.Purchasing.SecurityCore.Player.csproj", "{976F043C-6825-E4E1-A503-C5F11147BC09}"
EndProject
Project("{FAE04EC0-301F-11D3-BF4B-00C04F79EFBC}") = "UnityEngine.Purchasing.WinRTStub", "UnityEngine.Purchasing.WinRTStub.Player.csproj", "{A8567A25-7413-B709-FC4C-EE9037DBC65C}"
EndProject
Project("{FAE04EC0-301F-11D3-BF4B-00C04F79EFBC}") = "Unity.Services.Core.Threading", "Unity.Services.Core.Threading.Player.csproj", "{79C58DBC-CD63-8676-8406-8A91AEA37C9D}"
EndProject
Project("{FAE04EC0-301F-11D3-BF4B-00C04F79EFBC}") = "Unity.Services.Core.Networking", "Unity.Services.Core.Networking.Player.csproj", "{E9DAAD3E-72E8-F0F4-6E31-A2E1F428EABA}"
EndProject
Project("{FAE04EC0-301F-11D3-BF4B-00C04F79EFBC}") = "UnityEngine.Purchasing.AppleMacosStub", "UnityEngine.Purchasing.AppleMacosStub.Player.csproj", "{9005DF61-542E-58E6-5C46-8E8131D509E5}"
EndProject
Project("{FAE04EC0-301F-11D3-BF4B-00C04F79EFBC}") = "Unity.Services.Core", "Unity.Services.Core.Player.csproj", "{ECAAB318-748C-BC18-BD35-BDA831B9D00D}"
EndProject
Project("{FAE04EC0-301F-11D3-BF4B-00C04F79EFBC}") = "Assembly-CSharp", "Assembly-CSharp.Player.csproj", "{658D3ED5-A365-8BAB-44F8-E9A01880F80E}"
EndProject
Project("{FAE04EC0-301F-11D3-BF4B-00C04F79EFBC}") = "Unity.Analytics.DataPrivacy", "Unity.Analytics.DataPrivacy.Player.csproj", "{1A90D64A-9D2F-9F41-C8D5-AB7EADC09699}"
EndProject
Project("{FAE04EC0-301F-11D3-BF4B-00C04F79EFBC}") = "UnityEngine.SpatialTracking", "UnityEngine.SpatialTracking.Player.csproj", "{EBE1FEF6-6EA5-F5BE-C7C4-A50DD12D5F88}"
EndProject
Project("{FAE04EC0-301F-11D3-BF4B-00C04F79EFBC}") = "Unity.Services.Core.Configuration", "Unity.Services.Core.Configuration.Player.csproj", "{7E139A69-210B-C126-5002-7C38EA81DD8C}"
EndProject
Project("{FAE04EC0-301F-11D3-BF4B-00C04F79EFBC}") = "UnityEngine.Purchasing.Codeless", "UnityEngine.Purchasing.Codeless.Player.csproj", "{6E895B01-125D-3AB2-FC54-0A3E7B58B575}"
EndProject
Project("{FAE04EC0-301F-11D3-BF4B-00C04F79EFBC}") = "UnityEngine.Purchasing.AppleStub", "UnityEngine.Purchasing.AppleStub.Player.csproj", "{B6967172-E382-460F-96B7-A3EEA9739269}"
EndProject
Global
	GlobalSection(SolutionConfigurationPlatforms) = preSolution
		Debug|Any CPU = Debug|Any CPU
		Release|Any CPU = Release|Any CPU
	EndGlobalSection
	GlobalSection(ProjectConfigurationPlatforms) = postSolution
		{B497579B-57F3-AB04-5730-E2FED6837533}.Debug|Any CPU.ActiveCfg = Debug|Any CPU
		{B497579B-57F3-AB04-5730-E2FED6837533}.Debug|Any CPU.Build.0 = Debug|Any CPU
		{B497579B-57F3-AB04-5730-E2FED6837533}.Release|Any CPU.ActiveCfg = Release|Any CPU
		{B497579B-57F3-AB04-5730-E2FED6837533}.Release|Any CPU.Build.0 = Release|Any CPU
		{F102E59D-94D9-A1B6-B695-13638E151E52}.Debug|Any CPU.ActiveCfg = Debug|Any CPU
		{F102E59D-94D9-A1B6-B695-13638E151E52}.Debug|Any CPU.Build.0 = Debug|Any CPU
		{F102E59D-94D9-A1B6-B695-13638E151E52}.Release|Any CPU.ActiveCfg = Release|Any CPU
		{F102E59D-94D9-A1B6-B695-13638E151E52}.Release|Any CPU.Build.0 = Release|Any CPU
		{2D0B6E87-9E12-E3A2-9E3B-ED254669C4C6}.Debug|Any CPU.ActiveCfg = Debug|Any CPU
		{2D0B6E87-9E12-E3A2-9E3B-ED254669C4C6}.Debug|Any CPU.Build.0 = Debug|Any CPU
		{2D0B6E87-9E12-E3A2-9E3B-ED254669C4C6}.Release|Any CPU.ActiveCfg = Release|Any CPU
		{2D0B6E87-9E12-E3A2-9E3B-ED254669C4C6}.Release|Any CPU.Build.0 = Release|Any CPU
		{71CA846B-D4C5-738C-913B-55D0C6F6F50D}.Debug|Any CPU.ActiveCfg = Debug|Any CPU
		{71CA846B-D4C5-738C-913B-55D0C6F6F50D}.Debug|Any CPU.Build.0 = Debug|Any CPU
		{71CA846B-D4C5-738C-913B-55D0C6F6F50D}.Release|Any CPU.ActiveCfg = Release|Any CPU
		{71CA846B-D4C5-738C-913B-55D0C6F6F50D}.Release|Any CPU.Build.0 = Release|Any CPU
		{3D8B585C-F5AB-87EF-BE25-435207E619BA}.Debug|Any CPU.ActiveCfg = Debug|Any CPU
		{3D8B585C-F5AB-87EF-BE25-435207E619BA}.Debug|Any CPU.Build.0 = Debug|Any CPU
		{3D8B585C-F5AB-87EF-BE25-435207E619BA}.Release|Any CPU.ActiveCfg = Release|Any CPU
		{3D8B585C-F5AB-87EF-BE25-435207E619BA}.Release|Any CPU.Build.0 = Release|Any CPU
		{D4BC8B33-100A-844C-D31B-3A3B922DB35A}.Debug|Any CPU.ActiveCfg = Debug|Any CPU
		{D4BC8B33-100A-844C-D31B-3A3B922DB35A}.Debug|Any CPU.Build.0 = Debug|Any CPU
		{D4BC8B33-100A-844C-D31B-3A3B922DB35A}.Release|Any CPU.ActiveCfg = Release|Any CPU
		{D4BC8B33-100A-844C-D31B-3A3B922DB35A}.Release|Any CPU.Build.0 = Release|Any CPU
		{9E670BB8-C717-F621-6457-8296AEFEA92F}.Debug|Any CPU.ActiveCfg = Debug|Any CPU
		{9E670BB8-C717-F621-6457-8296AEFEA92F}.Debug|Any CPU.Build.0 = Debug|Any CPU
		{9E670BB8-C717-F621-6457-8296AEFEA92F}.Release|Any CPU.ActiveCfg = Release|Any CPU
		{9E670BB8-C717-F621-6457-8296AEFEA92F}.Release|Any CPU.Build.0 = Release|Any CPU
		{4353D5D6-41A3-5BD2-07E3-3682AD2CEC9B}.Debug|Any CPU.ActiveCfg = Debug|Any CPU
		{4353D5D6-41A3-5BD2-07E3-3682AD2CEC9B}.Debug|Any CPU.Build.0 = Debug|Any CPU
		{4353D5D6-41A3-5BD2-07E3-3682AD2CEC9B}.Release|Any CPU.ActiveCfg = Release|Any CPU
		{4353D5D6-41A3-5BD2-07E3-3682AD2CEC9B}.Release|Any CPU.Build.0 = Release|Any CPU
		{BF362B27-26D1-751D-3983-ECABEEFFACA3}.Debug|Any CPU.ActiveCfg = Debug|Any CPU
		{BF362B27-26D1-751D-3983-ECABEEFFACA3}.Debug|Any CPU.Build.0 = Debug|Any CPU
		{BF362B27-26D1-751D-3983-ECABEEFFACA3}.Release|Any CPU.ActiveCfg = Release|Any CPU
		{BF362B27-26D1-751D-3983-ECABEEFFACA3}.Release|Any CPU.Build.0 = Release|Any CPU
		{BA85B89D-FB63-AD76-4EC7-3D8CBAFDFA9F}.Debug|Any CPU.ActiveCfg = Debug|Any CPU
		{BA85B89D-FB63-AD76-4EC7-3D8CBAFDFA9F}.Debug|Any CPU.Build.0 = Debug|Any CPU
		{BA85B89D-FB63-AD76-4EC7-3D8CBAFDFA9F}.Release|Any CPU.ActiveCfg = Release|Any CPU
		{BA85B89D-FB63-AD76-4EC7-3D8CBAFDFA9F}.Release|Any CPU.Build.0 = Release|Any CPU
		{92941856-289F-46B7-792F-CC6412669688}.Debug|Any CPU.ActiveCfg = Debug|Any CPU
		{92941856-289F-46B7-792F-CC6412669688}.Debug|Any CPU.Build.0 = Debug|Any CPU
		{92941856-289F-46B7-792F-CC6412669688}.Release|Any CPU.ActiveCfg = Release|Any CPU
		{92941856-289F-46B7-792F-CC6412669688}.Release|Any CPU.Build.0 = Release|Any CPU
		{639E4CAE-CF28-46E8-707C-8FDB6BD876F5}.Debug|Any CPU.ActiveCfg = Debug|Any CPU
		{639E4CAE-CF28-46E8-707C-8FDB6BD876F5}.Debug|Any CPU.Build.0 = Debug|Any CPU
		{639E4CAE-CF28-46E8-707C-8FDB6BD876F5}.Release|Any CPU.ActiveCfg = Release|Any CPU
		{639E4CAE-CF28-46E8-707C-8FDB6BD876F5}.Release|Any CPU.Build.0 = Release|Any CPU
		{5961233D-8EED-FDE8-55DC-8E2C4CBE01F0}.Debug|Any CPU.ActiveCfg = Debug|Any CPU
		{5961233D-8EED-FDE8-55DC-8E2C4CBE01F0}.Debug|Any CPU.Build.0 = Debug|Any CPU
		{5961233D-8EED-FDE8-55DC-8E2C4CBE01F0}.Release|Any CPU.ActiveCfg = Release|Any CPU
		{5961233D-8EED-FDE8-55DC-8E2C4CBE01F0}.Release|Any CPU.Build.0 = Release|Any CPU
		{89C5CA49-0532-821D-5476-850381F4CEC1}.Debug|Any CPU.ActiveCfg = Debug|Any CPU
		{89C5CA49-0532-821D-5476-850381F4CEC1}.Debug|Any CPU.Build.0 = Debug|Any CPU
		{89C5CA49-0532-821D-5476-850381F4CEC1}.Release|Any CPU.ActiveCfg = Release|Any CPU
		{89C5CA49-0532-821D-5476-850381F4CEC1}.Release|Any CPU.Build.0 = Release|Any CPU
		{0D805E9F-CFC2-D182-D7FD-72BCB5BF0354}.Debug|Any CPU.ActiveCfg = Debug|Any CPU
		{0D805E9F-CFC2-D182-D7FD-72BCB5BF0354}.Debug|Any CPU.Build.0 = Debug|Any CPU
		{0D805E9F-CFC2-D182-D7FD-72BCB5BF0354}.Release|Any CPU.ActiveCfg = Release|Any CPU
		{0D805E9F-CFC2-D182-D7FD-72BCB5BF0354}.Release|Any CPU.Build.0 = Release|Any CPU
		{13792501-AC7C-7A0B-EEB1-92FD586C4455}.Debug|Any CPU.ActiveCfg = Debug|Any CPU
		{13792501-AC7C-7A0B-EEB1-92FD586C4455}.Debug|Any CPU.Build.0 = Debug|Any CPU
		{13792501-AC7C-7A0B-EEB1-92FD586C4455}.Release|Any CPU.ActiveCfg = Release|Any CPU
		{13792501-AC7C-7A0B-EEB1-92FD586C4455}.Release|Any CPU.Build.0 = Release|Any CPU
		{F5C2D40E-49C9-8A39-5021-DD45E1AC2853}.Debug|Any CPU.ActiveCfg = Debug|Any CPU
		{F5C2D40E-49C9-8A39-5021-DD45E1AC2853}.Debug|Any CPU.Build.0 = Debug|Any CPU
		{F5C2D40E-49C9-8A39-5021-DD45E1AC2853}.Release|Any CPU.ActiveCfg = Release|Any CPU
		{F5C2D40E-49C9-8A39-5021-DD45E1AC2853}.Release|Any CPU.Build.0 = Release|Any CPU
		{234104FA-4ECE-50EE-10FD-7EA330BCFC0B}.Debug|Any CPU.ActiveCfg = Debug|Any CPU
		{234104FA-4ECE-50EE-10FD-7EA330BCFC0B}.Debug|Any CPU.Build.0 = Debug|Any CPU
		{234104FA-4ECE-50EE-10FD-7EA330BCFC0B}.Release|Any CPU.ActiveCfg = Release|Any CPU
		{234104FA-4ECE-50EE-10FD-7EA330BCFC0B}.Release|Any CPU.Build.0 = Release|Any CPU
		{C6DD57AB-37AA-E6EA-FF41-E8B52F284C2F}.Debug|Any CPU.ActiveCfg = Debug|Any CPU
		{C6DD57AB-37AA-E6EA-FF41-E8B52F284C2F}.Debug|Any CPU.Build.0 = Debug|Any CPU
		{C6DD57AB-37AA-E6EA-FF41-E8B52F284C2F}.Release|Any CPU.ActiveCfg = Release|Any CPU
		{C6DD57AB-37AA-E6EA-FF41-E8B52F284C2F}.Release|Any CPU.Build.0 = Release|Any CPU
		{0C5AAAAD-53FF-DDEE-8CAA-204B317AEC8E}.Debug|Any CPU.ActiveCfg = Debug|Any CPU
		{0C5AAAAD-53FF-DDEE-8CAA-204B317AEC8E}.Debug|Any CPU.Build.0 = Debug|Any CPU
		{0C5AAAAD-53FF-DDEE-8CAA-204B317AEC8E}.Release|Any CPU.ActiveCfg = Release|Any CPU
		{0C5AAAAD-53FF-DDEE-8CAA-204B317AEC8E}.Release|Any CPU.Build.0 = Release|Any CPU
		{6B91C336-4395-79BA-BFA9-9650ACC991C4}.Debug|Any CPU.ActiveCfg = Debug|Any CPU
		{6B91C336-4395-79BA-BFA9-9650ACC991C4}.Debug|Any CPU.Build.0 = Debug|Any CPU
		{6B91C336-4395-79BA-BFA9-9650ACC991C4}.Release|Any CPU.ActiveCfg = Release|Any CPU
		{6B91C336-4395-79BA-BFA9-9650ACC991C4}.Release|Any CPU.Build.0 = Release|Any CPU
		{C2FE26FB-12D8-3DDC-215B-DC1A883758FE}.Debug|Any CPU.ActiveCfg = Debug|Any CPU
		{C2FE26FB-12D8-3DDC-215B-DC1A883758FE}.Debug|Any CPU.Build.0 = Debug|Any CPU
		{C2FE26FB-12D8-3DDC-215B-DC1A883758FE}.Release|Any CPU.ActiveCfg = Release|Any CPU
		{C2FE26FB-12D8-3DDC-215B-DC1A883758FE}.Release|Any CPU.Build.0 = Release|Any CPU
		{BCD28E0A-BBD0-52F6-F1DB-357227A34F74}.Debug|Any CPU.ActiveCfg = Debug|Any CPU
		{BCD28E0A-BBD0-52F6-F1DB-357227A34F74}.Debug|Any CPU.Build.0 = Debug|Any CPU
		{BCD28E0A-BBD0-52F6-F1DB-357227A34F74}.Release|Any CPU.ActiveCfg = Release|Any CPU
		{BCD28E0A-BBD0-52F6-F1DB-357227A34F74}.Release|Any CPU.Build.0 = Release|Any CPU
		{884D5D44-0232-921C-2322-052739707C91}.Debug|Any CPU.ActiveCfg = Debug|Any CPU
		{884D5D44-0232-921C-2322-052739707C91}.Debug|Any CPU.Build.0 = Debug|Any CPU
		{884D5D44-0232-921C-2322-052739707C91}.Release|Any CPU.ActiveCfg = Release|Any CPU
		{884D5D44-0232-921C-2322-052739707C91}.Release|Any CPU.Build.0 = Release|Any CPU
		{BC61A847-696E-2ECC-3C15-D374CF6A58C4}.Debug|Any CPU.ActiveCfg = Debug|Any CPU
		{BC61A847-696E-2ECC-3C15-D374CF6A58C4}.Debug|Any CPU.Build.0 = Debug|Any CPU
		{BC61A847-696E-2ECC-3C15-D374CF6A58C4}.Release|Any CPU.ActiveCfg = Release|Any CPU
		{BC61A847-696E-2ECC-3C15-D374CF6A58C4}.Release|Any CPU.Build.0 = Release|Any CPU
		{0AD8B409-B54B-98ED-AF71-0B9129A513E8}.Debug|Any CPU.ActiveCfg = Debug|Any CPU
		{0AD8B409-B54B-98ED-AF71-0B9129A513E8}.Debug|Any CPU.Build.0 = Debug|Any CPU
		{0AD8B409-B54B-98ED-AF71-0B9129A513E8}.Release|Any CPU.ActiveCfg = Release|Any CPU
		{0AD8B409-B54B-98ED-AF71-0B9129A513E8}.Release|Any CPU.Build.0 = Release|Any CPU
		{EC6A73EE-EE12-A04E-877C-81FBE5B47E6E}.Debug|Any CPU.ActiveCfg = Debug|Any CPU
		{EC6A73EE-EE12-A04E-877C-81FBE5B47E6E}.Debug|Any CPU.Build.0 = Debug|Any CPU
		{EC6A73EE-EE12-A04E-877C-81FBE5B47E6E}.Release|Any CPU.ActiveCfg = Release|Any CPU
		{EC6A73EE-EE12-A04E-877C-81FBE5B47E6E}.Release|Any CPU.Build.0 = Release|Any CPU
		{2022EA4E-C9DD-823F-0AF6-A2C0F19A6313}.Debug|Any CPU.ActiveCfg = Debug|Any CPU
		{2022EA4E-C9DD-823F-0AF6-A2C0F19A6313}.Debug|Any CPU.Build.0 = Debug|Any CPU
		{2022EA4E-C9DD-823F-0AF6-A2C0F19A6313}.Release|Any CPU.ActiveCfg = Release|Any CPU
		{2022EA4E-C9DD-823F-0AF6-A2C0F19A6313}.Release|Any CPU.Build.0 = Release|Any CPU
		{2A7B7294-4E62-DAE1-2C71-A87794905FEC}.Debug|Any CPU.ActiveCfg = Debug|Any CPU
		{2A7B7294-4E62-DAE1-2C71-A87794905FEC}.Debug|Any CPU.Build.0 = Debug|Any CPU
		{2A7B7294-4E62-DAE1-2C71-A87794905FEC}.Release|Any CPU.ActiveCfg = Release|Any CPU
		{2A7B7294-4E62-DAE1-2C71-A87794905FEC}.Release|Any CPU.Build.0 = Release|Any CPU
		{EA93D725-00E0-7B46-53F1-3DADB7268C66}.Debug|Any CPU.ActiveCfg = Debug|Any CPU
		{EA93D725-00E0-7B46-53F1-3DADB7268C66}.Debug|Any CPU.Build.0 = Debug|Any CPU
		{EA93D725-00E0-7B46-53F1-3DADB7268C66}.Release|Any CPU.ActiveCfg = Release|Any CPU
		{EA93D725-00E0-7B46-53F1-3DADB7268C66}.Release|Any CPU.Build.0 = Release|Any CPU
		{2D07AAE0-47FE-7CC2-FD45-F38F147CF245}.Debug|Any CPU.ActiveCfg = Debug|Any CPU
		{2D07AAE0-47FE-7CC2-FD45-F38F147CF245}.Debug|Any CPU.Build.0 = Debug|Any CPU
		{2D07AAE0-47FE-7CC2-FD45-F38F147CF245}.Release|Any CPU.ActiveCfg = Release|Any CPU
		{2D07AAE0-47FE-7CC2-FD45-F38F147CF245}.Release|Any CPU.Build.0 = Release|Any CPU
		{B6B5EC89-ED73-1817-8731-40D17648A70E}.Debug|Any CPU.ActiveCfg = Debug|Any CPU
		{B6B5EC89-ED73-1817-8731-40D17648A70E}.Debug|Any CPU.Build.0 = Debug|Any CPU
		{B6B5EC89-ED73-1817-8731-40D17648A70E}.Release|Any CPU.ActiveCfg = Release|Any CPU
		{B6B5EC89-ED73-1817-8731-40D17648A70E}.Release|Any CPU.Build.0 = Release|Any CPU
		{34238B4A-05F1-A9F6-FD50-0CC782B5C238}.Debug|Any CPU.ActiveCfg = Debug|Any CPU
		{34238B4A-05F1-A9F6-FD50-0CC782B5C238}.Debug|Any CPU.Build.0 = Debug|Any CPU
		{34238B4A-05F1-A9F6-FD50-0CC782B5C238}.Release|Any CPU.ActiveCfg = Release|Any CPU
		{34238B4A-05F1-A9F6-FD50-0CC782B5C238}.Release|Any CPU.Build.0 = Release|Any CPU
		{AFD05A6E-789C-DA5D-9BD2-38B443A7908C}.Debug|Any CPU.ActiveCfg = Debug|Any CPU
		{AFD05A6E-789C-DA5D-9BD2-38B443A7908C}.Debug|Any CPU.Build.0 = Debug|Any CPU
		{AFD05A6E-789C-DA5D-9BD2-38B443A7908C}.Release|Any CPU.ActiveCfg = Release|Any CPU
		{AFD05A6E-789C-DA5D-9BD2-38B443A7908C}.Release|Any CPU.Build.0 = Release|Any CPU
		{E2CCC52A-2190-F963-06EA-A90608CF9838}.Debug|Any CPU.ActiveCfg = Debug|Any CPU
		{E2CCC52A-2190-F963-06EA-A90608CF9838}.Debug|Any CPU.Build.0 = Debug|Any CPU
		{E2CCC52A-2190-F963-06EA-A90608CF9838}.Release|Any CPU.ActiveCfg = Release|Any CPU
		{E2CCC52A-2190-F963-06EA-A90608CF9838}.Release|Any CPU.Build.0 = Release|Any CPU
		{6A548765-C6A5-C803-46C7-0D1A1A6EAC95}.Debug|Any CPU.ActiveCfg = Debug|Any CPU
		{6A548765-C6A5-C803-46C7-0D1A1A6EAC95}.Debug|Any CPU.Build.0 = Debug|Any CPU
		{6A548765-C6A5-C803-46C7-0D1A1A6EAC95}.Release|Any CPU.ActiveCfg = Release|Any CPU
		{6A548765-C6A5-C803-46C7-0D1A1A6EAC95}.Release|Any CPU.Build.0 = Release|Any CPU
		{189DA1CE-4E6D-143D-78CE-1E200B2AC4CA}.Debug|Any CPU.ActiveCfg = Debug|Any CPU
		{189DA1CE-4E6D-143D-78CE-1E200B2AC4CA}.Debug|Any CPU.Build.0 = Debug|Any CPU
		{189DA1CE-4E6D-143D-78CE-1E200B2AC4CA}.Release|Any CPU.ActiveCfg = Release|Any CPU
		{189DA1CE-4E6D-143D-78CE-1E200B2AC4CA}.Release|Any CPU.Build.0 = Release|Any CPU
		{624B29FB-823C-2D4D-AD1B-3F0377D6DC06}.Debug|Any CPU.ActiveCfg = Debug|Any CPU
		{624B29FB-823C-2D4D-AD1B-3F0377D6DC06}.Debug|Any CPU.Build.0 = Debug|Any CPU
		{624B29FB-823C-2D4D-AD1B-3F0377D6DC06}.Release|Any CPU.ActiveCfg = Release|Any CPU
		{624B29FB-823C-2D4D-AD1B-3F0377D6DC06}.Release|Any CPU.Build.0 = Release|Any CPU
		{413A0B90-83CB-56FF-0907-305FD0873DF4}.Debug|Any CPU.ActiveCfg = Debug|Any CPU
		{413A0B90-83CB-56FF-0907-305FD0873DF4}.Debug|Any CPU.Build.0 = Debug|Any CPU
		{413A0B90-83CB-56FF-0907-305FD0873DF4}.Release|Any CPU.ActiveCfg = Release|Any CPU
		{413A0B90-83CB-56FF-0907-305FD0873DF4}.Release|Any CPU.Build.0 = Release|Any CPU
		{BCAAB764-728C-3449-AD46-A10E23D517AC}.Debug|Any CPU.ActiveCfg = Debug|Any CPU
		{BCAAB764-728C-3449-AD46-A10E23D517AC}.Debug|Any CPU.Build.0 = Debug|Any CPU
		{BCAAB764-728C-3449-AD46-A10E23D517AC}.Release|Any CPU.ActiveCfg = Release|Any CPU
		{BCAAB764-728C-3449-AD46-A10E23D517AC}.Release|Any CPU.Build.0 = Release|Any CPU
		{675385A4-8796-CD39-88F3-B404E5F290D1}.Debug|Any CPU.ActiveCfg = Debug|Any CPU
		{675385A4-8796-CD39-88F3-B404E5F290D1}.Debug|Any CPU.Build.0 = Debug|Any CPU
		{675385A4-8796-CD39-88F3-B404E5F290D1}.Release|Any CPU.ActiveCfg = Release|Any CPU
		{675385A4-8796-CD39-88F3-B404E5F290D1}.Release|Any CPU.Build.0 = Release|Any CPU
		{BD3B649B-15BD-06C6-7918-F8105ED7212B}.Debug|Any CPU.ActiveCfg = Debug|Any CPU
		{BD3B649B-15BD-06C6-7918-F8105ED7212B}.Debug|Any CPU.Build.0 = Debug|Any CPU
		{BD3B649B-15BD-06C6-7918-F8105ED7212B}.Release|Any CPU.ActiveCfg = Release|Any CPU
		{BD3B649B-15BD-06C6-7918-F8105ED7212B}.Release|Any CPU.Build.0 = Release|Any CPU
		{F0111E33-0AA1-C14C-2A42-D2DFEC5B0681}.Debug|Any CPU.ActiveCfg = Debug|Any CPU
		{F0111E33-0AA1-C14C-2A42-D2DFEC5B0681}.Debug|Any CPU.Build.0 = Debug|Any CPU
		{F0111E33-0AA1-C14C-2A42-D2DFEC5B0681}.Release|Any CPU.ActiveCfg = Release|Any CPU
		{F0111E33-0AA1-C14C-2A42-D2DFEC5B0681}.Release|Any CPU.Build.0 = Release|Any CPU
		{14B6AD9D-41B9-3F9E-535C-47BEDB7DC6CF}.Debug|Any CPU.ActiveCfg = Debug|Any CPU
		{14B6AD9D-41B9-3F9E-535C-47BEDB7DC6CF}.Debug|Any CPU.Build.0 = Debug|Any CPU
		{14B6AD9D-41B9-3F9E-535C-47BEDB7DC6CF}.Release|Any CPU.ActiveCfg = Release|Any CPU
		{14B6AD9D-41B9-3F9E-535C-47BEDB7DC6CF}.Release|Any CPU.Build.0 = Release|Any CPU
		{A442C8C7-2F0B-AEA5-FD50-208DF2C5FB60}.Debug|Any CPU.ActiveCfg = Debug|Any CPU
		{A442C8C7-2F0B-AEA5-FD50-208DF2C5FB60}.Debug|Any CPU.Build.0 = Debug|Any CPU
		{A442C8C7-2F0B-AEA5-FD50-208DF2C5FB60}.Release|Any CPU.ActiveCfg = Release|Any CPU
		{A442C8C7-2F0B-AEA5-FD50-208DF2C5FB60}.Release|Any CPU.Build.0 = Release|Any CPU
		{F3131654-9935-366C-D285-EEE23CEAE502}.Debug|Any CPU.ActiveCfg = Debug|Any CPU
		{F3131654-9935-366C-D285-EEE23CEAE502}.Debug|Any CPU.Build.0 = Debug|Any CPU
		{F3131654-9935-366C-D285-EEE23CEAE502}.Release|Any CPU.ActiveCfg = Release|Any CPU
		{F3131654-9935-366C-D285-EEE23CEAE502}.Release|Any CPU.Build.0 = Release|Any CPU
		{68BBCBCF-F647-8379-AAA4-5ABA22FC838A}.Debug|Any CPU.ActiveCfg = Debug|Any CPU
		{68BBCBCF-F647-8379-AAA4-5ABA22FC838A}.Debug|Any CPU.Build.0 = Debug|Any CPU
		{68BBCBCF-F647-8379-AAA4-5ABA22FC838A}.Release|Any CPU.ActiveCfg = Release|Any CPU
		{68BBCBCF-F647-8379-AAA4-5ABA22FC838A}.Release|Any CPU.Build.0 = Release|Any CPU
		{9373CA4D-D8D7-F94A-7AC2-2DE981681ADE}.Debug|Any CPU.ActiveCfg = Debug|Any CPU
		{9373CA4D-D8D7-F94A-7AC2-2DE981681ADE}.Debug|Any CPU.Build.0 = Debug|Any CPU
		{9373CA4D-D8D7-F94A-7AC2-2DE981681ADE}.Release|Any CPU.ActiveCfg = Release|Any CPU
		{9373CA4D-D8D7-F94A-7AC2-2DE981681ADE}.Release|Any CPU.Build.0 = Release|Any CPU
		{562F0A3E-7E84-FAE5-747F-A983638BAF32}.Debug|Any CPU.ActiveCfg = Debug|Any CPU
		{562F0A3E-7E84-FAE5-747F-A983638BAF32}.Debug|Any CPU.Build.0 = Debug|Any CPU
		{562F0A3E-7E84-FAE5-747F-A983638BAF32}.Release|Any CPU.ActiveCfg = Release|Any CPU
		{562F0A3E-7E84-FAE5-747F-A983638BAF32}.Release|Any CPU.Build.0 = Release|Any CPU
		{6C706EF6-6886-3388-7E49-2C1749857371}.Debug|Any CPU.ActiveCfg = Debug|Any CPU
		{6C706EF6-6886-3388-7E49-2C1749857371}.Debug|Any CPU.Build.0 = Debug|Any CPU
		{6C706EF6-6886-3388-7E49-2C1749857371}.Release|Any CPU.ActiveCfg = Release|Any CPU
		{6C706EF6-6886-3388-7E49-2C1749857371}.Release|Any CPU.Build.0 = Release|Any CPU
		{975A7166-F52F-71D8-ACF0-2FEA7AF64813}.Debug|Any CPU.ActiveCfg = Debug|Any CPU
		{975A7166-F52F-71D8-ACF0-2FEA7AF64813}.Debug|Any CPU.Build.0 = Debug|Any CPU
		{975A7166-F52F-71D8-ACF0-2FEA7AF64813}.Release|Any CPU.ActiveCfg = Release|Any CPU
		{975A7166-F52F-71D8-ACF0-2FEA7AF64813}.Release|Any CPU.Build.0 = Release|Any CPU
		{E096691E-4886-1313-D963-639329C2F285}.Debug|Any CPU.ActiveCfg = Debug|Any CPU
		{E096691E-4886-1313-D963-639329C2F285}.Debug|Any CPU.Build.0 = Debug|Any CPU
		{E096691E-4886-1313-D963-639329C2F285}.Release|Any CPU.ActiveCfg = Release|Any CPU
		{E096691E-4886-1313-D963-639329C2F285}.Release|Any CPU.Build.0 = Release|Any CPU
		{9433C97D-7B13-538F-D1A4-26FCA0DEE8BA}.Debug|Any CPU.ActiveCfg = Debug|Any CPU
		{9433C97D-7B13-538F-D1A4-26FCA0DEE8BA}.Debug|Any CPU.Build.0 = Debug|Any CPU
		{9433C97D-7B13-538F-D1A4-26FCA0DEE8BA}.Release|Any CPU.ActiveCfg = Release|Any CPU
		{9433C97D-7B13-538F-D1A4-26FCA0DEE8BA}.Release|Any CPU.Build.0 = Release|Any CPU
		{65EBF092-681C-57A3-6227-7F0044CE6C53}.Debug|Any CPU.ActiveCfg = Debug|Any CPU
		{65EBF092-681C-57A3-6227-7F0044CE6C53}.Debug|Any CPU.Build.0 = Debug|Any CPU
		{65EBF092-681C-57A3-6227-7F0044CE6C53}.Release|Any CPU.ActiveCfg = Release|Any CPU
		{65EBF092-681C-57A3-6227-7F0044CE6C53}.Release|Any CPU.Build.0 = Release|Any CPU
		{6774A405-C74A-166A-06FC-675CB20FA73C}.Debug|Any CPU.ActiveCfg = Debug|Any CPU
		{6774A405-C74A-166A-06FC-675CB20FA73C}.Debug|Any CPU.Build.0 = Debug|Any CPU
		{6774A405-C74A-166A-06FC-675CB20FA73C}.Release|Any CPU.ActiveCfg = Release|Any CPU
		{6774A405-C74A-166A-06FC-675CB20FA73C}.Release|Any CPU.Build.0 = Release|Any CPU
		{48A4A2EA-F612-7DE0-C94B-891B168BB4B9}.Debug|Any CPU.ActiveCfg = Debug|Any CPU
		{48A4A2EA-F612-7DE0-C94B-891B168BB4B9}.Debug|Any CPU.Build.0 = Debug|Any CPU
		{48A4A2EA-F612-7DE0-C94B-891B168BB4B9}.Release|Any CPU.ActiveCfg = Release|Any CPU
		{48A4A2EA-F612-7DE0-C94B-891B168BB4B9}.Release|Any CPU.Build.0 = Release|Any CPU
		{3351D906-70ED-2C25-8FED-6605151E4181}.Debug|Any CPU.ActiveCfg = Debug|Any CPU
		{3351D906-70ED-2C25-8FED-6605151E4181}.Debug|Any CPU.Build.0 = Debug|Any CPU
		{3351D906-70ED-2C25-8FED-6605151E4181}.Release|Any CPU.ActiveCfg = Release|Any CPU
		{3351D906-70ED-2C25-8FED-6605151E4181}.Release|Any CPU.Build.0 = Release|Any CPU
		{3D1C6051-3135-9C1A-26EF-0B3064B94561}.Debug|Any CPU.ActiveCfg = Debug|Any CPU
		{3D1C6051-3135-9C1A-26EF-0B3064B94561}.Debug|Any CPU.Build.0 = Debug|Any CPU
		{3D1C6051-3135-9C1A-26EF-0B3064B94561}.Release|Any CPU.ActiveCfg = Release|Any CPU
		{3D1C6051-3135-9C1A-26EF-0B3064B94561}.Release|Any CPU.Build.0 = Release|Any CPU
		{F35D8CE7-B5CE-D349-DE4B-B75E740C9AAB}.Debug|Any CPU.ActiveCfg = Debug|Any CPU
		{F35D8CE7-B5CE-D349-DE4B-B75E740C9AAB}.Debug|Any CPU.Build.0 = Debug|Any CPU
		{F35D8CE7-B5CE-D349-DE4B-B75E740C9AAB}.Release|Any CPU.ActiveCfg = Release|Any CPU
		{F35D8CE7-B5CE-D349-DE4B-B75E740C9AAB}.Release|Any CPU.Build.0 = Release|Any CPU
		{094679B6-5C5F-7B59-E241-6AA8BBB1B4C5}.Debug|Any CPU.ActiveCfg = Debug|Any CPU
		{094679B6-5C5F-7B59-E241-6AA8BBB1B4C5}.Debug|Any CPU.Build.0 = Debug|Any CPU
		{094679B6-5C5F-7B59-E241-6AA8BBB1B4C5}.Release|Any CPU.ActiveCfg = Release|Any CPU
		{094679B6-5C5F-7B59-E241-6AA8BBB1B4C5}.Release|Any CPU.Build.0 = Release|Any CPU
		{8624E48B-C589-6435-BFB4-49B96DE8CF54}.Debug|Any CPU.ActiveCfg = Debug|Any CPU
		{8624E48B-C589-6435-BFB4-49B96DE8CF54}.Debug|Any CPU.Build.0 = Debug|Any CPU
		{8624E48B-C589-6435-BFB4-49B96DE8CF54}.Release|Any CPU.ActiveCfg = Release|Any CPU
		{8624E48B-C589-6435-BFB4-49B96DE8CF54}.Release|Any CPU.Build.0 = Release|Any CPU
		{42AC79E0-B7D2-AEF1-44C3-E7F2C660A746}.Debug|Any CPU.ActiveCfg = Debug|Any CPU
		{42AC79E0-B7D2-AEF1-44C3-E7F2C660A746}.Debug|Any CPU.Build.0 = Debug|Any CPU
		{42AC79E0-B7D2-AEF1-44C3-E7F2C660A746}.Release|Any CPU.ActiveCfg = Release|Any CPU
		{42AC79E0-B7D2-AEF1-44C3-E7F2C660A746}.Release|Any CPU.Build.0 = Release|Any CPU
		{8C42299E-8FF4-1621-B251-CF39241DD800}.Debug|Any CPU.ActiveCfg = Debug|Any CPU
		{8C42299E-8FF4-1621-B251-CF39241DD800}.Debug|Any CPU.Build.0 = Debug|Any CPU
		{8C42299E-8FF4-1621-B251-CF39241DD800}.Release|Any CPU.ActiveCfg = Release|Any CPU
		{8C42299E-8FF4-1621-B251-CF39241DD800}.Release|Any CPU.Build.0 = Release|Any CPU
		{78FA8B58-6DCB-C9A3-B5FB-9A1C214BBC8C}.Debug|Any CPU.ActiveCfg = Debug|Any CPU
		{78FA8B58-6DCB-C9A3-B5FB-9A1C214BBC8C}.Debug|Any CPU.Build.0 = Debug|Any CPU
		{78FA8B58-6DCB-C9A3-B5FB-9A1C214BBC8C}.Release|Any CPU.ActiveCfg = Release|Any CPU
		{78FA8B58-6DCB-C9A3-B5FB-9A1C214BBC8C}.Release|Any CPU.Build.0 = Release|Any CPU
		{621C5853-A2ED-DF83-880B-63019A897CFD}.Debug|Any CPU.ActiveCfg = Debug|Any CPU
		{621C5853-A2ED-DF83-880B-63019A897CFD}.Debug|Any CPU.Build.0 = Debug|Any CPU
		{621C5853-A2ED-DF83-880B-63019A897CFD}.Release|Any CPU.ActiveCfg = Release|Any CPU
		{621C5853-A2ED-DF83-880B-63019A897CFD}.Release|Any CPU.Build.0 = Release|Any CPU
		{721ADE3C-BBEC-FB34-AC08-9D652DBA27E2}.Debug|Any CPU.ActiveCfg = Debug|Any CPU
		{721ADE3C-BBEC-FB34-AC08-9D652DBA27E2}.Debug|Any CPU.Build.0 = Debug|Any CPU
		{721ADE3C-BBEC-FB34-AC08-9D652DBA27E2}.Release|Any CPU.ActiveCfg = Release|Any CPU
		{721ADE3C-BBEC-FB34-AC08-9D652DBA27E2}.Release|Any CPU.Build.0 = Release|Any CPU
		{29156222-C9B8-0122-E265-5E4B8F042364}.Debug|Any CPU.ActiveCfg = Debug|Any CPU
		{29156222-C9B8-0122-E265-5E4B8F042364}.Debug|Any CPU.Build.0 = Debug|Any CPU
		{29156222-C9B8-0122-E265-5E4B8F042364}.Release|Any CPU.ActiveCfg = Release|Any CPU
		{29156222-C9B8-0122-E265-5E4B8F042364}.Release|Any CPU.Build.0 = Release|Any CPU
		{0BFF7AD0-2423-D341-6583-38325DC88734}.Debug|Any CPU.ActiveCfg = Debug|Any CPU
		{0BFF7AD0-2423-D341-6583-38325DC88734}.Debug|Any CPU.Build.0 = Debug|Any CPU
		{0BFF7AD0-2423-D341-6583-38325DC88734}.Release|Any CPU.ActiveCfg = Release|Any CPU
		{0BFF7AD0-2423-D341-6583-38325DC88734}.Release|Any CPU.Build.0 = Release|Any CPU
		{AB275495-01AF-BE21-C11B-91450C234AC6}.Debug|Any CPU.ActiveCfg = Debug|Any CPU
		{AB275495-01AF-BE21-C11B-91450C234AC6}.Debug|Any CPU.Build.0 = Debug|Any CPU
		{AB275495-01AF-BE21-C11B-91450C234AC6}.Release|Any CPU.ActiveCfg = Release|Any CPU
		{AB275495-01AF-BE21-C11B-91450C234AC6}.Release|Any CPU.Build.0 = Release|Any CPU
		{6668B698-038C-85B3-4C70-031C0F45EEBB}.Debug|Any CPU.ActiveCfg = Debug|Any CPU
		{6668B698-038C-85B3-4C70-031C0F45EEBB}.Debug|Any CPU.Build.0 = Debug|Any CPU
		{6668B698-038C-85B3-4C70-031C0F45EEBB}.Release|Any CPU.ActiveCfg = Release|Any CPU
		{6668B698-038C-85B3-4C70-031C0F45EEBB}.Release|Any CPU.Build.0 = Release|Any CPU
		{E246A386-C7C6-D2F3-D571-A95C45E2C487}.Debug|Any CPU.ActiveCfg = Debug|Any CPU
		{E246A386-C7C6-D2F3-D571-A95C45E2C487}.Debug|Any CPU.Build.0 = Debug|Any CPU
		{E246A386-C7C6-D2F3-D571-A95C45E2C487}.Release|Any CPU.ActiveCfg = Release|Any CPU
		{E246A386-C7C6-D2F3-D571-A95C45E2C487}.Release|Any CPU.Build.0 = Release|Any CPU
		{178FAB90-D693-7873-FAC7-E236760B978D}.Debug|Any CPU.ActiveCfg = Debug|Any CPU
		{178FAB90-D693-7873-FAC7-E236760B978D}.Debug|Any CPU.Build.0 = Debug|Any CPU
		{178FAB90-D693-7873-FAC7-E236760B978D}.Release|Any CPU.ActiveCfg = Release|Any CPU
		{178FAB90-D693-7873-FAC7-E236760B978D}.Release|Any CPU.Build.0 = Release|Any CPU
		{59A9F694-6B88-B3D5-6C0F-D85B28A21985}.Debug|Any CPU.ActiveCfg = Debug|Any CPU
		{59A9F694-6B88-B3D5-6C0F-D85B28A21985}.Debug|Any CPU.Build.0 = Debug|Any CPU
		{59A9F694-6B88-B3D5-6C0F-D85B28A21985}.Release|Any CPU.ActiveCfg = Release|Any CPU
		{59A9F694-6B88-B3D5-6C0F-D85B28A21985}.Release|Any CPU.Build.0 = Release|Any CPU
		{DD64FF6E-1BAF-9F29-CB90-0ACF82574647}.Debug|Any CPU.ActiveCfg = Debug|Any CPU
		{DD64FF6E-1BAF-9F29-CB90-0ACF82574647}.Debug|Any CPU.Build.0 = Debug|Any CPU
		{DD64FF6E-1BAF-9F29-CB90-0ACF82574647}.Release|Any CPU.ActiveCfg = Release|Any CPU
		{DD64FF6E-1BAF-9F29-CB90-0ACF82574647}.Release|Any CPU.Build.0 = Release|Any CPU
		{BAC65066-FACC-31A0-32F3-88753895CE69}.Debug|Any CPU.ActiveCfg = Debug|Any CPU
		{BAC65066-FACC-31A0-32F3-88753895CE69}.Debug|Any CPU.Build.0 = Debug|Any CPU
		{BAC65066-FACC-31A0-32F3-88753895CE69}.Release|Any CPU.ActiveCfg = Release|Any CPU
		{BAC65066-FACC-31A0-32F3-88753895CE69}.Release|Any CPU.Build.0 = Release|Any CPU
		{6DE9D3E9-8E52-F0AB-1393-94D27B7D83D0}.Debug|Any CPU.ActiveCfg = Debug|Any CPU
		{6DE9D3E9-8E52-F0AB-1393-94D27B7D83D0}.Debug|Any CPU.Build.0 = Debug|Any CPU
		{6DE9D3E9-8E52-F0AB-1393-94D27B7D83D0}.Release|Any CPU.ActiveCfg = Release|Any CPU
		{6DE9D3E9-8E52-F0AB-1393-94D27B7D83D0}.Release|Any CPU.Build.0 = Release|Any CPU
		{46BBAA24-87C6-C1A1-2B62-F7425CAD7C82}.Debug|Any CPU.ActiveCfg = Debug|Any CPU
		{46BBAA24-87C6-C1A1-2B62-F7425CAD7C82}.Debug|Any CPU.Build.0 = Debug|Any CPU
		{46BBAA24-87C6-C1A1-2B62-F7425CAD7C82}.Release|Any CPU.ActiveCfg = Release|Any CPU
		{46BBAA24-87C6-C1A1-2B62-F7425CAD7C82}.Release|Any CPU.Build.0 = Release|Any CPU
		{EA3C25D5-D4FF-72CB-2375-867F20AD3059}.Debug|Any CPU.ActiveCfg = Debug|Any CPU
		{EA3C25D5-D4FF-72CB-2375-867F20AD3059}.Debug|Any CPU.Build.0 = Debug|Any CPU
		{EA3C25D5-D4FF-72CB-2375-867F20AD3059}.Release|Any CPU.ActiveCfg = Release|Any CPU
		{EA3C25D5-D4FF-72CB-2375-867F20AD3059}.Release|Any CPU.Build.0 = Release|Any CPU
		{19EDEEFD-B14E-6DE2-D928-250C8A0CF1E8}.Debug|Any CPU.ActiveCfg = Debug|Any CPU
		{19EDEEFD-B14E-6DE2-D928-250C8A0CF1E8}.Debug|Any CPU.Build.0 = Debug|Any CPU
		{19EDEEFD-B14E-6DE2-D928-250C8A0CF1E8}.Release|Any CPU.ActiveCfg = Release|Any CPU
		{19EDEEFD-B14E-6DE2-D928-250C8A0CF1E8}.Release|Any CPU.Build.0 = Release|Any CPU
		{05D015D1-80FB-2030-65A8-71318BD1C0D3}.Debug|Any CPU.ActiveCfg = Debug|Any CPU
		{05D015D1-80FB-2030-65A8-71318BD1C0D3}.Debug|Any CPU.Build.0 = Debug|Any CPU
		{05D015D1-80FB-2030-65A8-71318BD1C0D3}.Release|Any CPU.ActiveCfg = Release|Any CPU
		{05D015D1-80FB-2030-65A8-71318BD1C0D3}.Release|Any CPU.Build.0 = Release|Any CPU
		{30943F92-D04D-1D43-3345-82C78ADC156B}.Debug|Any CPU.ActiveCfg = Debug|Any CPU
		{30943F92-D04D-1D43-3345-82C78ADC156B}.Debug|Any CPU.Build.0 = Debug|Any CPU
		{30943F92-D04D-1D43-3345-82C78ADC156B}.Release|Any CPU.ActiveCfg = Release|Any CPU
		{30943F92-D04D-1D43-3345-82C78ADC156B}.Release|Any CPU.Build.0 = Release|Any CPU
		{AA357771-0CD6-2FEF-4A52-BFD770D99039}.Debug|Any CPU.ActiveCfg = Debug|Any CPU
		{AA357771-0CD6-2FEF-4A52-BFD770D99039}.Debug|Any CPU.Build.0 = Debug|Any CPU
		{AA357771-0CD6-2FEF-4A52-BFD770D99039}.Release|Any CPU.ActiveCfg = Release|Any CPU
		{AA357771-0CD6-2FEF-4A52-BFD770D99039}.Release|Any CPU.Build.0 = Release|Any CPU
		{4D02F83A-7655-87E7-ED0A-029914C46B3C}.Debug|Any CPU.ActiveCfg = Debug|Any CPU
		{4D02F83A-7655-87E7-ED0A-029914C46B3C}.Debug|Any CPU.Build.0 = Debug|Any CPU
		{4D02F83A-7655-87E7-ED0A-029914C46B3C}.Release|Any CPU.ActiveCfg = Release|Any CPU
		{4D02F83A-7655-87E7-ED0A-029914C46B3C}.Release|Any CPU.Build.0 = Release|Any CPU
		{17FED99F-D983-2EA0-C5F7-1557B3E1EA79}.Debug|Any CPU.ActiveCfg = Debug|Any CPU
		{17FED99F-D983-2EA0-C5F7-1557B3E1EA79}.Debug|Any CPU.Build.0 = Debug|Any CPU
		{17FED99F-D983-2EA0-C5F7-1557B3E1EA79}.Release|Any CPU.ActiveCfg = Release|Any CPU
		{17FED99F-D983-2EA0-C5F7-1557B3E1EA79}.Release|Any CPU.Build.0 = Release|Any CPU
		{2A7C862A-4992-6B48-2DD3-AC336A875D75}.Debug|Any CPU.ActiveCfg = Debug|Any CPU
		{2A7C862A-4992-6B48-2DD3-AC336A875D75}.Debug|Any CPU.Build.0 = Debug|Any CPU
		{2A7C862A-4992-6B48-2DD3-AC336A875D75}.Release|Any CPU.ActiveCfg = Release|Any CPU
		{2A7C862A-4992-6B48-2DD3-AC336A875D75}.Release|Any CPU.Build.0 = Release|Any CPU
		{1C2AAF70-9C12-7892-EB00-9254CD35767F}.Debug|Any CPU.ActiveCfg = Debug|Any CPU
		{1C2AAF70-9C12-7892-EB00-9254CD35767F}.Debug|Any CPU.Build.0 = Debug|Any CPU
		{1C2AAF70-9C12-7892-EB00-9254CD35767F}.Release|Any CPU.ActiveCfg = Release|Any CPU
		{1C2AAF70-9C12-7892-EB00-9254CD35767F}.Release|Any CPU.Build.0 = Release|Any CPU
		{242F3B96-25BC-D52A-723D-819746AF55CB}.Debug|Any CPU.ActiveCfg = Debug|Any CPU
		{242F3B96-25BC-D52A-723D-819746AF55CB}.Debug|Any CPU.Build.0 = Debug|Any CPU
		{242F3B96-25BC-D52A-723D-819746AF55CB}.Release|Any CPU.ActiveCfg = Release|Any CPU
		{242F3B96-25BC-D52A-723D-819746AF55CB}.Release|Any CPU.Build.0 = Release|Any CPU
		{38151AB0-A512-1D74-F307-DFD51575822F}.Debug|Any CPU.ActiveCfg = Debug|Any CPU
		{38151AB0-A512-1D74-F307-DFD51575822F}.Debug|Any CPU.Build.0 = Debug|Any CPU
		{38151AB0-A512-1D74-F307-DFD51575822F}.Release|Any CPU.ActiveCfg = Release|Any CPU
		{38151AB0-A512-1D74-F307-DFD51575822F}.Release|Any CPU.Build.0 = Release|Any CPU
		{DDE0841A-2B30-70ED-FDCF-5A6EBD033D28}.Debug|Any CPU.ActiveCfg = Debug|Any CPU
		{DDE0841A-2B30-70ED-FDCF-5A6EBD033D28}.Debug|Any CPU.Build.0 = Debug|Any CPU
		{DDE0841A-2B30-70ED-FDCF-5A6EBD033D28}.Release|Any CPU.ActiveCfg = Release|Any CPU
		{DDE0841A-2B30-70ED-FDCF-5A6EBD033D28}.Release|Any CPU.Build.0 = Release|Any CPU
		{C4FD1198-8721-7E6C-847D-E60C4E8A69E5}.Debug|Any CPU.ActiveCfg = Debug|Any CPU
		{C4FD1198-8721-7E6C-847D-E60C4E8A69E5}.Debug|Any CPU.Build.0 = Debug|Any CPU
		{C4FD1198-8721-7E6C-847D-E60C4E8A69E5}.Release|Any CPU.ActiveCfg = Release|Any CPU
		{C4FD1198-8721-7E6C-847D-E60C4E8A69E5}.Release|Any CPU.Build.0 = Release|Any CPU
		{C02220D2-2A31-D5E6-7827-23608B3E9228}.Debug|Any CPU.ActiveCfg = Debug|Any CPU
		{C02220D2-2A31-D5E6-7827-23608B3E9228}.Debug|Any CPU.Build.0 = Debug|Any CPU
		{C02220D2-2A31-D5E6-7827-23608B3E9228}.Release|Any CPU.ActiveCfg = Release|Any CPU
		{C02220D2-2A31-D5E6-7827-23608B3E9228}.Release|Any CPU.Build.0 = Release|Any CPU
		{6B38FF19-B664-6C58-EF20-B48062323B86}.Debug|Any CPU.ActiveCfg = Debug|Any CPU
		{6B38FF19-B664-6C58-EF20-B48062323B86}.Debug|Any CPU.Build.0 = Debug|Any CPU
		{6B38FF19-B664-6C58-EF20-B48062323B86}.Release|Any CPU.ActiveCfg = Release|Any CPU
		{6B38FF19-B664-6C58-EF20-B48062323B86}.Release|Any CPU.Build.0 = Release|Any CPU
		{F19D58E6-A0E8-9482-76CD-0B46A96A5CFB}.Debug|Any CPU.ActiveCfg = Debug|Any CPU
		{F19D58E6-A0E8-9482-76CD-0B46A96A5CFB}.Debug|Any CPU.Build.0 = Debug|Any CPU
		{F19D58E6-A0E8-9482-76CD-0B46A96A5CFB}.Release|Any CPU.ActiveCfg = Release|Any CPU
		{F19D58E6-A0E8-9482-76CD-0B46A96A5CFB}.Release|Any CPU.Build.0 = Release|Any CPU
		{976F043C-6825-E4E1-A503-C5F11147BC09}.Debug|Any CPU.ActiveCfg = Debug|Any CPU
		{976F043C-6825-E4E1-A503-C5F11147BC09}.Debug|Any CPU.Build.0 = Debug|Any CPU
		{976F043C-6825-E4E1-A503-C5F11147BC09}.Release|Any CPU.ActiveCfg = Release|Any CPU
		{976F043C-6825-E4E1-A503-C5F11147BC09}.Release|Any CPU.Build.0 = Release|Any CPU
		{A8567A25-7413-B709-FC4C-EE9037DBC65C}.Debug|Any CPU.ActiveCfg = Debug|Any CPU
		{A8567A25-7413-B709-FC4C-EE9037DBC65C}.Debug|Any CPU.Build.0 = Debug|Any CPU
		{A8567A25-7413-B709-FC4C-EE9037DBC65C}.Release|Any CPU.ActiveCfg = Release|Any CPU
		{A8567A25-7413-B709-FC4C-EE9037DBC65C}.Release|Any CPU.Build.0 = Release|Any CPU
		{79C58DBC-CD63-8676-8406-8A91AEA37C9D}.Debug|Any CPU.ActiveCfg = Debug|Any CPU
		{79C58DBC-CD63-8676-8406-8A91AEA37C9D}.Debug|Any CPU.Build.0 = Debug|Any CPU
		{79C58DBC-CD63-8676-8406-8A91AEA37C9D}.Release|Any CPU.ActiveCfg = Release|Any CPU
		{79C58DBC-CD63-8676-8406-8A91AEA37C9D}.Release|Any CPU.Build.0 = Release|Any CPU
		{E9DAAD3E-72E8-F0F4-6E31-A2E1F428EABA}.Debug|Any CPU.ActiveCfg = Debug|Any CPU
		{E9DAAD3E-72E8-F0F4-6E31-A2E1F428EABA}.Debug|Any CPU.Build.0 = Debug|Any CPU
		{E9DAAD3E-72E8-F0F4-6E31-A2E1F428EABA}.Release|Any CPU.ActiveCfg = Release|Any CPU
		{E9DAAD3E-72E8-F0F4-6E31-A2E1F428EABA}.Release|Any CPU.Build.0 = Release|Any CPU
		{9005DF61-542E-58E6-5C46-8E8131D509E5}.Debug|Any CPU.ActiveCfg = Debug|Any CPU
		{9005DF61-542E-58E6-5C46-8E8131D509E5}.Debug|Any CPU.Build.0 = Debug|Any CPU
		{9005DF61-542E-58E6-5C46-8E8131D509E5}.Release|Any CPU.ActiveCfg = Release|Any CPU
		{9005DF61-542E-58E6-5C46-8E8131D509E5}.Release|Any CPU.Build.0 = Release|Any CPU
		{ECAAB318-748C-BC18-BD35-BDA831B9D00D}.Debug|Any CPU.ActiveCfg = Debug|Any CPU
		{ECAAB318-748C-BC18-BD35-BDA831B9D00D}.Debug|Any CPU.Build.0 = Debug|Any CPU
		{ECAAB318-748C-BC18-BD35-BDA831B9D00D}.Release|Any CPU.ActiveCfg = Release|Any CPU
		{ECAAB318-748C-BC18-BD35-BDA831B9D00D}.Release|Any CPU.Build.0 = Release|Any CPU
		{658D3ED5-A365-8BAB-44F8-E9A01880F80E}.Debug|Any CPU.ActiveCfg = Debug|Any CPU
		{658D3ED5-A365-8BAB-44F8-E9A01880F80E}.Debug|Any CPU.Build.0 = Debug|Any CPU
		{658D3ED5-A365-8BAB-44F8-E9A01880F80E}.Release|Any CPU.ActiveCfg = Release|Any CPU
		{658D3ED5-A365-8BAB-44F8-E9A01880F80E}.Release|Any CPU.Build.0 = Release|Any CPU
		{1A90D64A-9D2F-9F41-C8D5-AB7EADC09699}.Debug|Any CPU.ActiveCfg = Debug|Any CPU
		{1A90D64A-9D2F-9F41-C8D5-AB7EADC09699}.Debug|Any CPU.Build.0 = Debug|Any CPU
		{1A90D64A-9D2F-9F41-C8D5-AB7EADC09699}.Release|Any CPU.ActiveCfg = Release|Any CPU
		{1A90D64A-9D2F-9F41-C8D5-AB7EADC09699}.Release|Any CPU.Build.0 = Release|Any CPU
		{EBE1FEF6-6EA5-F5BE-C7C4-A50DD12D5F88}.Debug|Any CPU.ActiveCfg = Debug|Any CPU
		{EBE1FEF6-6EA5-F5BE-C7C4-A50DD12D5F88}.Debug|Any CPU.Build.0 = Debug|Any CPU
		{EBE1FEF6-6EA5-F5BE-C7C4-A50DD12D5F88}.Release|Any CPU.ActiveCfg = Release|Any CPU
		{EBE1FEF6-6EA5-F5BE-C7C4-A50DD12D5F88}.Release|Any CPU.Build.0 = Release|Any CPU
		{7E139A69-210B-C126-5002-7C38EA81DD8C}.Debug|Any CPU.ActiveCfg = Debug|Any CPU
		{7E139A69-210B-C126-5002-7C38EA81DD8C}.Debug|Any CPU.Build.0 = Debug|Any CPU
		{7E139A69-210B-C126-5002-7C38EA81DD8C}.Release|Any CPU.ActiveCfg = Release|Any CPU
		{7E139A69-210B-C126-5002-7C38EA81DD8C}.Release|Any CPU.Build.0 = Release|Any CPU
		{6E895B01-125D-3AB2-FC54-0A3E7B58B575}.Debug|Any CPU.ActiveCfg = Debug|Any CPU
		{6E895B01-125D-3AB2-FC54-0A3E7B58B575}.Debug|Any CPU.Build.0 = Debug|Any CPU
		{6E895B01-125D-3AB2-FC54-0A3E7B58B575}.Release|Any CPU.ActiveCfg = Release|Any CPU
		{6E895B01-125D-3AB2-FC54-0A3E7B58B575}.Release|Any CPU.Build.0 = Release|Any CPU
		{B6967172-E382-460F-96B7-A3EEA9739269}.Debug|Any CPU.ActiveCfg = Debug|Any CPU
		{B6967172-E382-460F-96B7-A3EEA9739269}.Debug|Any CPU.Build.0 = Debug|Any CPU
		{B6967172-E382-460F-96B7-A3EEA9739269}.Release|Any CPU.ActiveCfg = Release|Any CPU
		{B6967172-E382-460F-96B7-A3EEA9739269}.Release|Any CPU.Build.0 = Release|Any CPU
	EndGlobalSection
	GlobalSection(SolutionProperties) = preSolution
		HideSolutionNode = FALSE
	EndGlobalSection
EndGlobal
